
Microsoft Visual Studio Solution File, Format Version 12.00
# Visual Studio Version 17
VisualStudioVersion = 17.0.31903.59
MinimumVisualStudioVersion = 10.0.40219.1
Project("{FAE04EC0-301F-11D3-BF4B-00C04F79EFBC}") = "Gestion.Api", "Gestion.Api\Gestion.Api.csproj", "{15777DA4-21C2-4F87-8299-16182B4B4824}"
EndProject
Project("{FAE04EC0-301F-11D3-BF4B-00C04F79EFBC}") = "Gestion.Logica", "Gestion.Logica\Gestion.Logica.csproj", "{082ED9AA-7981-4AFD-9AA3-CD9E5DA4CE3B}"
EndProject
Project("{FAE04EC0-301F-11D3-BF4B-00C04F79EFBC}") = "Gestion.Tests", "Gestion.Tests\Gestion.Tests.csproj", "{624F8584-8AD7-49CF-BE5A-2AEEF7238995}"
EndProject
Global
	GlobalSection(SolutionConfigurationPlatforms) = preSolution
		Debug|Any CPU = Debug|Any CPU
		Release|Any CPU = Release|Any CPU
	EndGlobalSection
	GlobalSection(SolutionProperties) = preSolution
		HideSolutionNode = FALSE
	EndGlobalSection
	GlobalSection(ProjectConfigurationPlatforms) = postSolution
		{15777DA4-21C2-4F87-8299-16182B4B4824}.Debug|Any CPU.ActiveCfg = Debug|Any CPU
		{15777DA4-21C2-4F87-8299-16182B4B4824}.Debug|Any CPU.Build.0 = Debug|Any CPU
		{15777DA4-21C2-4F87-8299-16182B4B4824}.Release|Any CPU.ActiveCfg = Release|Any CPU
		{15777DA4-21C2-4F87-8299-16182B4B4824}.Release|Any CPU.Build.0 = Release|Any CPU
		{082ED9AA-7981-4AFD-9AA3-CD9E5DA4CE3B}.Debug|Any CPU.ActiveCfg = Debug|Any CPU
		{082ED9AA-7981-4AFD-9AA3-CD9E5DA4CE3B}.Debug|Any CPU.Build.0 = Debug|Any CPU
		{082ED9AA-7981-4AFD-9AA3-CD9E5DA4CE3B}.Release|Any CPU.ActiveCfg = Release|Any CPU
		{082ED9AA-7981-4AFD-9AA3-CD9E5DA4CE3B}.Release|Any CPU.Build.0 = Release|Any CPU
		{624F8584-8AD7-49CF-BE5A-2AEEF7238995}.Debug|Any CPU.ActiveCfg = Debug|Any CPU
		{624F8584-8AD7-49CF-BE5A-2AEEF7238995}.Debug|Any CPU.Build.0 = Debug|Any CPU
		{624F8584-8AD7-49CF-BE5A-2AEEF7238995}.Release|Any CPU.ActiveCfg = Release|Any CPU
		{624F8584-8AD7-49CF-BE5A-2AEEF7238995}.Release|Any CPU.Build.0 = Release|Any CPU
	EndGlobalSection
EndGlobal
