
Microsoft Visual Studio Solution File, Format Version 12.00
# Visual Studio Version 17
VisualStudioVersion = 17.0.31903.59
MinimumVisualStudioVersion = 10.0.40219.1
Project("{FAE04EC0-301F-11D3-BF4B-00C04F79EFBC}") = "Validacion.Api", "Validacion.Api\Validacion.Api.csproj", "{FD3F9E73-B1DB-48BE-A73B-000976E1DE06}"
EndProject
Project("{FAE04EC0-301F-11D3-BF4B-00C04F79EFBC}") = "Validacion.Logica", "Validacion.Logica\Validacion.Logica.csproj", "{A80A9BBB-F025-4AA4-844D-6F0C8F405D5C}"
EndProject
Project("{FAE04EC0-301F-11D3-BF4B-00C04F79EFBC}") = "Validacion.Tests", "Validacion.Tests\Validacion.Tests.csproj", "{5C334E83-992C-42E0-BB00-EB7FDBFAA177}"
EndProject
Global
	GlobalSection(SolutionConfigurationPlatforms) = preSolution
		Debug|Any CPU = Debug|Any CPU
		Release|Any CPU = Release|Any CPU
	EndGlobalSection
	GlobalSection(SolutionProperties) = preSolution
		HideSolutionNode = FALSE
	EndGlobalSection
	GlobalSection(ProjectConfigurationPlatforms) = postSolution
		{FD3F9E73-B1DB-48BE-A73B-000976E1DE06}.Debug|Any CPU.ActiveCfg = Debug|Any CPU
		{FD3F9E73-B1DB-48BE-A73B-000976E1DE06}.Debug|Any CPU.Build.0 = Debug|Any CPU
		{FD3F9E73-B1DB-48BE-A73B-000976E1DE06}.Release|Any CPU.ActiveCfg = Release|Any CPU
		{FD3F9E73-B1DB-48BE-A73B-000976E1DE06}.Release|Any CPU.Build.0 = Release|Any CPU
		{A80A9BBB-F025-4AA4-844D-6F0C8F405D5C}.Debug|Any CPU.ActiveCfg = Debug|Any CPU
		{A80A9BBB-F025-4AA4-844D-6F0C8F405D5C}.Debug|Any CPU.Build.0 = Debug|Any CPU
		{A80A9BBB-F025-4AA4-844D-6F0C8F405D5C}.Release|Any CPU.ActiveCfg = Release|Any CPU
		{A80A9BBB-F025-4AA4-844D-6F0C8F405D5C}.Release|Any CPU.Build.0 = Release|Any CPU
		{5C334E83-992C-42E0-BB00-EB7FDBFAA177}.Debug|Any CPU.ActiveCfg = Debug|Any CPU
		{5C334E83-992C-42E0-BB00-EB7FDBFAA177}.Debug|Any CPU.Build.0 = Debug|Any CPU
		{5C334E83-992C-42E0-BB00-EB7FDBFAA177}.Release|Any CPU.ActiveCfg = Release|Any CPU
		{5C334E83-992C-42E0-BB00-EB7FDBFAA177}.Release|Any CPU.Build.0 = Release|Any CPU
	EndGlobalSection
EndGlobal
